
Microsoft Visual Studio Solution File, Format Version 12.00
# Visual Studio Version 17
VisualStudioVersion = 17.3.32901.215
MinimumVisualStudioVersion = 10.0.40219.1
Project("{FAE04EC0-301F-11D3-BF4B-00C04F79EFBC}") = "DateTime Kullanımı 3 815", "DateTime Kullanımı 3 815\DateTime Kullanımı 3 815.csproj", "{F66B98CD-4858-499E-803E-EFDEFD376084}"
EndProject
Global
	GlobalSection(SolutionConfigurationPlatforms) = preSolution
		Debug|Any CPU = Debug|Any CPU
		Release|Any CPU = Release|Any CPU
	EndGlobalSection
	GlobalSection(ProjectConfigurationPlatforms) = postSolution
		{F66B98CD-4858-499E-803E-EFDEFD376084}.Debug|Any CPU.ActiveCfg = Debug|Any CPU
		{F66B98CD-4858-499E-803E-EFDEFD376084}.Debug|Any CPU.Build.0 = Debug|Any CPU
		{F66B98CD-4858-499E-803E-EFDEFD376084}.Release|Any CPU.ActiveCfg = Release|Any CPU
		{F66B98CD-4858-499E-803E-EFDEFD376084}.Release|Any CPU.Build.0 = Release|Any CPU
	EndGlobalSection
	GlobalSection(SolutionProperties) = preSolution
		HideSolutionNode = FALSE
	EndGlobalSection
	GlobalSection(ExtensibilityGlobals) = postSolution
		SolutionGuid = {61067AE7-4411-4663-B065-DD4EC37A9DCA}
	EndGlobalSection
EndGlobal
